
Microsoft Visual Studio Solution File, Format Version 12.00
# Visual Studio Version 17
VisualStudioVersion = 17.5.33414.496
MinimumVisualStudioVersion = 10.0.40219.1
Project("{FAE04EC0-301F-11D3-BF4B-00C04F79EFBC}") = "Operations", "Operations\Operations.csproj", "{1C7781BB-A51C-4886-B4C5-CC3C5EF64D9E}"
EndProject
Global
	GlobalSection(SolutionConfigurationPlatforms) = preSolution
		Debug|Any CPU = Debug|Any CPU
		Release|Any CPU = Release|Any CPU
	EndGlobalSection
	GlobalSection(ProjectConfigurationPlatforms) = postSolution
		{1C7781BB-A51C-4886-B4C5-CC3C5EF64D9E}.Debug|Any CPU.ActiveCfg = Debug|Any CPU
		{1C7781BB-A51C-4886-B4C5-CC3C5EF64D9E}.Debug|Any CPU.Build.0 = Debug|Any CPU
		{1C7781BB-A51C-4886-B4C5-CC3C5EF64D9E}.Release|Any CPU.ActiveCfg = Release|Any CPU
		{1C7781BB-A51C-4886-B4C5-CC3C5EF64D9E}.Release|Any CPU.Build.0 = Release|Any CPU
	EndGlobalSection
	GlobalSection(SolutionProperties) = preSolution
		HideSolutionNode = FALSE
	EndGlobalSection
	GlobalSection(ExtensibilityGlobals) = postSolution
		SolutionGuid = {6470689F-6267-4562-B6DD-B3FE39120D7E}
	EndGlobalSection
EndGlobal
